
Microsoft Visual Studio Solution File, Format Version 12.00
# Visual Studio Version 16
VisualStudioVersion = 16.0.30804.86
MinimumVisualStudioVersion = 10.0.40219.1
Project("{FAE04EC0-301F-11D3-BF4B-00C04F79EFBC}") = "BlogASP.NET", "BlogASP.NET\BlogASP.NET.csproj", "{E512FD6A-350B-410A-A665-F8E2D24CB702}"
EndProject
Global
	GlobalSection(SolutionConfigurationPlatforms) = preSolution
		Debug|Any CPU = Debug|Any CPU
		Release|Any CPU = Release|Any CPU
	EndGlobalSection
	GlobalSection(ProjectConfigurationPlatforms) = postSolution
		{E512FD6A-350B-410A-A665-F8E2D24CB702}.Debug|Any CPU.ActiveCfg = Debug|Any CPU
		{E512FD6A-350B-410A-A665-F8E2D24CB702}.Debug|Any CPU.Build.0 = Debug|Any CPU
		{E512FD6A-350B-410A-A665-F8E2D24CB702}.Release|Any CPU.ActiveCfg = Release|Any CPU
		{E512FD6A-350B-410A-A665-F8E2D24CB702}.Release|Any CPU.Build.0 = Release|Any CPU
	EndGlobalSection
	GlobalSection(SolutionProperties) = preSolution
		HideSolutionNode = FALSE
	EndGlobalSection
	GlobalSection(ExtensibilityGlobals) = postSolution
		SolutionGuid = {C514D60F-4652-46D6-BE72-91A0389F6AA4}
	EndGlobalSection
EndGlobal
